
Microsoft Visual Studio Solution File, Format Version 12.00
# Visual Studio Version 16
VisualStudioVersion = 16.0.31729.503
MinimumVisualStudioVersion = 10.0.40219.1
Project("{9A19103F-16F7-4668-BE54-9A1E7A4F7556}") = "HW_06_01", "HW_06_01\HW_06_01.csproj", "{D72A1E94-525A-4EA4-9D8A-0E49148A7991}"
EndProject
Project("{FAE04EC0-301F-11D3-BF4B-00C04F79EFBC}") = "HW_06_02", "HW_06_02\HW_06_02.csproj", "{59198F52-8CB1-487B-825F-BDD8B4E346F0}"
EndProject
Project("{FAE04EC0-301F-11D3-BF4B-00C04F79EFBC}") = "HW_06_03", "HW_06_03\HW_06_03.csproj", "{FCDB19BA-6EF5-49C8-AE85-5964149668B7}"
EndProject
Project("{FAE04EC0-301F-11D3-BF4B-00C04F79EFBC}") = "HW_06_04", "HW_06_04\HW_06_04.csproj", "{31546F01-98E3-42D7-A618-80C054779494}"
EndProject
Global
	GlobalSection(SolutionConfigurationPlatforms) = preSolution
		Debug|Any CPU = Debug|Any CPU
		Release|Any CPU = Release|Any CPU
	EndGlobalSection
	GlobalSection(ProjectConfigurationPlatforms) = postSolution
		{D72A1E94-525A-4EA4-9D8A-0E49148A7991}.Debug|Any CPU.ActiveCfg = Debug|Any CPU
		{D72A1E94-525A-4EA4-9D8A-0E49148A7991}.Debug|Any CPU.Build.0 = Debug|Any CPU
		{D72A1E94-525A-4EA4-9D8A-0E49148A7991}.Release|Any CPU.ActiveCfg = Release|Any CPU
		{D72A1E94-525A-4EA4-9D8A-0E49148A7991}.Release|Any CPU.Build.0 = Release|Any CPU
		{59198F52-8CB1-487B-825F-BDD8B4E346F0}.Debug|Any CPU.ActiveCfg = Debug|Any CPU
		{59198F52-8CB1-487B-825F-BDD8B4E346F0}.Debug|Any CPU.Build.0 = Debug|Any CPU
		{59198F52-8CB1-487B-825F-BDD8B4E346F0}.Release|Any CPU.ActiveCfg = Release|Any CPU
		{59198F52-8CB1-487B-825F-BDD8B4E346F0}.Release|Any CPU.Build.0 = Release|Any CPU
		{FCDB19BA-6EF5-49C8-AE85-5964149668B7}.Debug|Any CPU.ActiveCfg = Debug|Any CPU
		{FCDB19BA-6EF5-49C8-AE85-5964149668B7}.Debug|Any CPU.Build.0 = Debug|Any CPU
		{FCDB19BA-6EF5-49C8-AE85-5964149668B7}.Release|Any CPU.ActiveCfg = Release|Any CPU
		{FCDB19BA-6EF5-49C8-AE85-5964149668B7}.Release|Any CPU.Build.0 = Release|Any CPU
		{31546F01-98E3-42D7-A618-80C054779494}.Debug|Any CPU.ActiveCfg = Debug|Any CPU
		{31546F01-98E3-42D7-A618-80C054779494}.Debug|Any CPU.Build.0 = Debug|Any CPU
		{31546F01-98E3-42D7-A618-80C054779494}.Release|Any CPU.ActiveCfg = Release|Any CPU
		{31546F01-98E3-42D7-A618-80C054779494}.Release|Any CPU.Build.0 = Release|Any CPU
	EndGlobalSection
	GlobalSection(SolutionProperties) = preSolution
		HideSolutionNode = FALSE
	EndGlobalSection
	GlobalSection(ExtensibilityGlobals) = postSolution
		SolutionGuid = {4FEFE0FC-37EE-4953-AD94-ABD68FD79168}
	EndGlobalSection
EndGlobal
